// !$*UTF8*$!
{
	archiveVersion = 1;
	classes = {
	};
	objectVersion = 50;
	objects = {

/* Begin PBXBuildFile section */
		5037CD9E23D8677B00F42848 /* LENRecordsDetailViewController.m in Sources */ = {isa = PBXBuildFile; fileRef = 5037CD9C23D8677B00F42848 /* LENRecordsDetailViewController.m */; };
		5037CD9F23D8677B00F42848 /* LENRecordsDetailViewController.xib in Resources */ = {isa = PBXBuildFile; fileRef = 5037CD9D23D8677B00F42848 /* LENRecordsDetailViewController.xib */; };
		5037CDA223D890C500F42848 /* LENBaseTableViewCell.m in Sources */ = {isa = PBXBuildFile; fileRef = 5037CDA123D890C500F42848 /* LENBaseTableViewCell.m */; };
		5037CDA623D8910F00F42848 /* LENRecordsDetailTableViewCell.m in Sources */ = {isa = PBXBuildFile; fileRef = 5037CDA423D8910F00F42848 /* LENRecordsDetailTableViewCell.m */; };
		5037CDA723D8910F00F42848 /* LENRecordsDetailTableViewCell.xib in Resources */ = {isa = PBXBuildFile; fileRef = 5037CDA523D8910F00F42848 /* LENRecordsDetailTableViewCell.xib */; };
		5037CDAB23D8AB3800F42848 /* LENSudokuFinishViewController.m in Sources */ = {isa = PBXBuildFile; fileRef = 5037CDA923D8AB3800F42848 /* LENSudokuFinishViewController.m */; };
		5037CDAC23D8AB3800F42848 /* LENSudokuFinishViewController.xib in Resources */ = {isa = PBXBuildFile; fileRef = 5037CDAA23D8AB3800F42848 /* LENSudokuFinishViewController.xib */; };
		50733EB323D72E8C00A550CB /* LENSettingViewController.m in Sources */ = {isa = PBXBuildFile; fileRef = 50733EB123D72E8C00A550CB /* LENSettingViewController.m */; };
		50733EB423D72E8C00A550CB /* LENSettingViewController.xib in Resources */ = {isa = PBXBuildFile; fileRef = 50733EB223D72E8C00A550CB /* LENSettingViewController.xib */; };
		50733EBB23D744F600A550CB /* LENRecordsViewController.m in Sources */ = {isa = PBXBuildFile; fileRef = 50733EB923D744F600A550CB /* LENRecordsViewController.m */; };
		50733EBC23D744F600A550CB /* LENRecordsViewController.xib in Resources */ = {isa = PBXBuildFile; fileRef = 50733EBA23D744F600A550CB /* LENRecordsViewController.xib */; };
		50766E2B23D2DE2D00DACDA6 /* LENSudokuStyleModel.m in Sources */ = {isa = PBXBuildFile; fileRef = 50766E2A23D2DE2D00DACDA6 /* LENSudokuStyleModel.m */; };
		50766E2E23D2E15D00DACDA6 /* LENStyleHandle.m in Sources */ = {isa = PBXBuildFile; fileRef = 50766E2D23D2E15D00DACDA6 /* LENStyleHandle.m */; };
		50766E3123D34CE500DACDA6 /* LENDefaultConfigModel.m in Sources */ = {isa = PBXBuildFile; fileRef = 50766E3023D34CE500DACDA6 /* LENDefaultConfigModel.m */; };
		50766E3423D4555700DACDA6 /* LENSudokuSupposeView.m in Sources */ = {isa = PBXBuildFile; fileRef = 50766E3323D4555700DACDA6 /* LENSudokuSupposeView.m */; };
		50766E3723D45A6900DACDA6 /* LENSudokuSupposeSingleView.m in Sources */ = {isa = PBXBuildFile; fileRef = 50766E3623D45A6900DACDA6 /* LENSudokuSupposeSingleView.m */; };
		5094AF0C23CC88AA001E8569 /* LENSudokuNumberView.m in Sources */ = {isa = PBXBuildFile; fileRef = 5094AF0B23CC88AA001E8569 /* LENSudokuNumberView.m */; };
		5094AF0F23CC8BD1001E8569 /* LENSudokuNumberSingleView.m in Sources */ = {isa = PBXBuildFile; fileRef = 5094AF0E23CC8BD1001E8569 /* LENSudokuNumberSingleView.m */; };
		AB01EBD31D4FD5983444BB37 /* libPods-Sudoku.a in Frameworks */ = {isa = PBXBuildFile; fileRef = 58B0A736D4304DA4A575D681 /* libPods-Sudoku.a */; };
		D3EA341623C30A6F00FD9D7B /* AppDelegate.m in Sources */ = {isa = PBXBuildFile; fileRef = D3EA341523C30A6F00FD9D7B /* AppDelegate.m */; };
		D3EA341C23C30A6F00FD9D7B /* ViewController.m in Sources */ = {isa = PBXBuildFile; fileRef = D3EA341B23C30A6F00FD9D7B /* ViewController.m */; };
		D3EA341F23C30A6F00FD9D7B /* Main.storyboard in Resources */ = {isa = PBXBuildFile; fileRef = D3EA341D23C30A6F00FD9D7B /* Main.storyboard */; };
		D3EA342123C30A6F00FD9D7B /* Assets.xcassets in Resources */ = {isa = PBXBuildFile; fileRef = D3EA342023C30A6F00FD9D7B /* Assets.xcassets */; };
		D3EA342423C30A6F00FD9D7B /* LaunchScreen.storyboard in Resources */ = {isa = PBXBuildFile; fileRef = D3EA342223C30A6F00FD9D7B /* LaunchScreen.storyboard */; };
		D3EA342723C30A6F00FD9D7B /* main.m in Sources */ = {isa = PBXBuildFile; fileRef = D3EA342623C30A6F00FD9D7B /* main.m */; };
		D3EA343123C30A6F00FD9D7B /* SudokuTests.m in Sources */ = {isa = PBXBuildFile; fileRef = D3EA343023C30A6F00FD9D7B /* SudokuTests.m */; };
		D3EA343C23C30A7000FD9D7B /* SudokuUITests.m in Sources */ = {isa = PBXBuildFile; fileRef = D3EA343B23C30A7000FD9D7B /* SudokuUITests.m */; };
		D3EA344F23C30B2400FD9D7B /* LENBaseViewController.m in Sources */ = {isa = PBXBuildFile; fileRef = D3EA344D23C30B2400FD9D7B /* LENBaseViewController.m */; };
		D3EA345023C30B2400FD9D7B /* LENBaseViewController.xib in Resources */ = {isa = PBXBuildFile; fileRef = D3EA344E23C30B2400FD9D7B /* LENBaseViewController.xib */; };
		D3EA345523C30B4300FD9D7B /* LENMainViewController.m in Sources */ = {isa = PBXBuildFile; fileRef = D3EA345323C30B4300FD9D7B /* LENMainViewController.m */; };
		D3EA345623C30B4300FD9D7B /* LENMainViewController.xib in Resources */ = {isa = PBXBuildFile; fileRef = D3EA345423C30B4300FD9D7B /* LENMainViewController.xib */; };
		D3EA345A23C30B7800FD9D7B /* LENHandle.m in Sources */ = {isa = PBXBuildFile; fileRef = D3EA345923C30B7800FD9D7B /* LENHandle.m */; };
		D3EA346023C3108800FD9D7B /* LENSudokuViewController.m in Sources */ = {isa = PBXBuildFile; fileRef = D3EA345E23C3108800FD9D7B /* LENSudokuViewController.m */; };
		D3EA346123C3108800FD9D7B /* LENSudokuViewController.xib in Resources */ = {isa = PBXBuildFile; fileRef = D3EA345F23C3108800FD9D7B /* LENSudokuViewController.xib */; };
		D3EA346423C310BD00FD9D7B /* LENSudokuModel.m in Sources */ = {isa = PBXBuildFile; fileRef = D3EA346323C310BD00FD9D7B /* LENSudokuModel.m */; };
		D3EA346823C3139700FD9D7B /* LENSudokuView.m in Sources */ = {isa = PBXBuildFile; fileRef = D3EA346723C3139700FD9D7B /* LENSudokuView.m */; };
		D3EA346B23C314C200FD9D7B /* LENSudokuSingleModel.m in Sources */ = {isa = PBXBuildFile; fileRef = D3EA346A23C314C200FD9D7B /* LENSudokuSingleModel.m */; };
		D3EA346F23C31ECF00FD9D7B /* LENSudokuSingleView.m in Sources */ = {isa = PBXBuildFile; fileRef = D3EA346E23C31ECF00FD9D7B /* LENSudokuSingleView.m */; };
/* End PBXBuildFile section */

/* Begin PBXContainerItemProxy section */
		D3EA342D23C30A6F00FD9D7B /* PBXContainerItemProxy */ = {
			isa = PBXContainerItemProxy;
			containerPortal = D3EA340923C30A6F00FD9D7B /* Project object */;
			proxyType = 1;
			remoteGlobalIDString = D3EA341023C30A6F00FD9D7B;
			remoteInfo = Sudoku;
		};
		D3EA343823C30A7000FD9D7B /* PBXContainerItemProxy */ = {
			isa = PBXContainerItemProxy;
			containerPortal = D3EA340923C30A6F00FD9D7B /* Project object */;
			proxyType = 1;
			remoteGlobalIDString = D3EA341023C30A6F00FD9D7B;
			remoteInfo = Sudoku;
		};
/* End PBXContainerItemProxy section */

/* Begin PBXFileReference section */
		3C57E7F0187B3D1095A87E0D /* Pods-Sudoku.release.xcconfig */ = {isa = PBXFileReference; includeInIndex = 1; lastKnownFileType = text.xcconfig; name = "Pods-Sudoku.release.xcconfig"; path = "Pods/Target Support Files/Pods-Sudoku/Pods-Sudoku.release.xcconfig"; sourceTree = "<group>"; };
		5037CD9B23D8677B00F42848 /* LENRecordsDetailViewController.h */ = {isa = PBXFileReference; lastKnownFileType = sourcecode.c.h; path = LENRecordsDetailViewController.h; sourceTree = "<group>"; };
		5037CD9C23D8677B00F42848 /* LENRecordsDetailViewController.m */ = {isa = PBXFileReference; lastKnownFileType = sourcecode.c.objc; path = LENRecordsDetailViewController.m; sourceTree = "<group>"; };
		5037CD9D23D8677B00F42848 /* LENRecordsDetailViewController.xib */ = {isa = PBXFileReference; lastKnownFileType = file.xib; path = LENRecordsDetailViewController.xib; sourceTree = "<group>"; };
		5037CDA023D890C500F42848 /* LENBaseTableViewCell.h */ = {isa = PBXFileReference; lastKnownFileType = sourcecode.c.h; path = LENBaseTableViewCell.h; sourceTree = "<group>"; };
		5037CDA123D890C500F42848 /* LENBaseTableViewCell.m */ = {isa = PBXFileReference; lastKnownFileType = sourcecode.c.objc; path = LENBaseTableViewCell.m; sourceTree = "<group>"; };
		5037CDA323D8910F00F42848 /* LENRecordsDetailTableViewCell.h */ = {isa = PBXFileReference; lastKnownFileType = sourcecode.c.h; path = LENRecordsDetailTableViewCell.h; sourceTree = "<group>"; };
		5037CDA423D8910F00F42848 /* LENRecordsDetailTableViewCell.m */ = {isa = PBXFileReference; lastKnownFileType = sourcecode.c.objc; path = LENRecordsDetailTableViewCell.m; sourceTree = "<group>"; };
		5037CDA523D8910F00F42848 /* LENRecordsDetailTableViewCell.xib */ = {isa = PBXFileReference; lastKnownFileType = file.xib; path = LENRecordsDetailTableViewCell.xib; sourceTree = "<group>"; };
		5037CDA823D8AB3800F42848 /* LENSudokuFinishViewController.h */ = {isa = PBXFileReference; lastKnownFileType = sourcecode.c.h; path = LENSudokuFinishViewController.h; sourceTree = "<group>"; };
		5037CDA923D8AB3800F42848 /* LENSudokuFinishViewController.m */ = {isa = PBXFileReference; lastKnownFileType = sourcecode.c.objc; path = LENSudokuFinishViewController.m; sourceTree = "<group>"; };
		5037CDAA23D8AB3800F42848 /* LENSudokuFinishViewController.xib */ = {isa = PBXFileReference; lastKnownFileType = file.xib; path = LENSudokuFinishViewController.xib; sourceTree = "<group>"; };
		5037CDAD23D8C5A900F42848 /* iAd.framework */ = {isa = PBXFileReference; lastKnownFileType = wrapper.framework; name = iAd.framework; path = System/Library/Frameworks/iAd.framework; sourceTree = SDKROOT; };
		50733EB023D72E8C00A550CB /* LENSettingViewController.h */ = {isa = PBXFileReference; lastKnownFileType = sourcecode.c.h; path = LENSettingViewController.h; sourceTree = "<group>"; };
		50733EB123D72E8C00A550CB /* LENSettingViewController.m */ = {isa = PBXFileReference; lastKnownFileType = sourcecode.c.objc; path = LENSettingViewController.m; sourceTree = "<group>"; };
		50733EB223D72E8C00A550CB /* LENSettingViewController.xib */ = {isa = PBXFileReference; lastKnownFileType = file.xib; path = LENSettingViewController.xib; sourceTree = "<group>"; };
		50733EB823D744F600A550CB /* LENRecordsViewController.h */ = {isa = PBXFileReference; lastKnownFileType = sourcecode.c.h; path = LENRecordsViewController.h; sourceTree = "<group>"; };
		50733EB923D744F600A550CB /* LENRecordsViewController.m */ = {isa = PBXFileReference; lastKnownFileType = sourcecode.c.objc; path = LENRecordsViewController.m; sourceTree = "<group>"; };
		50733EBA23D744F600A550CB /* LENRecordsViewController.xib */ = {isa = PBXFileReference; lastKnownFileType = file.xib; path = LENRecordsViewController.xib; sourceTree = "<group>"; };
		50766E2923D2DE2D00DACDA6 /* LENSudokuStyleModel.h */ = {isa = PBXFileReference; lastKnownFileType = sourcecode.c.h; path = LENSudokuStyleModel.h; sourceTree = "<group>"; };
		50766E2A23D2DE2D00DACDA6 /* LENSudokuStyleModel.m */ = {isa = PBXFileReference; lastKnownFileType = sourcecode.c.objc; path = LENSudokuStyleModel.m; sourceTree = "<group>"; };
		50766E2C23D2E15D00DACDA6 /* LENStyleHandle.h */ = {isa = PBXFileReference; lastKnownFileType = sourcecode.c.h; path = LENStyleHandle.h; sourceTree = "<group>"; };
		50766E2D23D2E15D00DACDA6 /* LENStyleHandle.m */ = {isa = PBXFileReference; lastKnownFileType = sourcecode.c.objc; path = LENStyleHandle.m; sourceTree = "<group>"; };
		50766E2F23D34CE500DACDA6 /* LENDefaultConfigModel.h */ = {isa = PBXFileReference; lastKnownFileType = sourcecode.c.h; path = LENDefaultConfigModel.h; sourceTree = "<group>"; };
		50766E3023D34CE500DACDA6 /* LENDefaultConfigModel.m */ = {isa = PBXFileReference; lastKnownFileType = sourcecode.c.objc; path = LENDefaultConfigModel.m; sourceTree = "<group>"; };
		50766E3223D4555700DACDA6 /* LENSudokuSupposeView.h */ = {isa = PBXFileReference; lastKnownFileType = sourcecode.c.h; path = LENSudokuSupposeView.h; sourceTree = "<group>"; };
		50766E3323D4555700DACDA6 /* LENSudokuSupposeView.m */ = {isa = PBXFileReference; lastKnownFileType = sourcecode.c.objc; path = LENSudokuSupposeView.m; sourceTree = "<group>"; };
		50766E3523D45A6900DACDA6 /* LENSudokuSupposeSingleView.h */ = {isa = PBXFileReference; lastKnownFileType = sourcecode.c.h; path = LENSudokuSupposeSingleView.h; sourceTree = "<group>"; };
		50766E3623D45A6900DACDA6 /* LENSudokuSupposeSingleView.m */ = {isa = PBXFileReference; lastKnownFileType = sourcecode.c.objc; path = LENSudokuSupposeSingleView.m; sourceTree = "<group>"; };
		5094AF0923CC5F78001E8569 /* README.md */ = {isa = PBXFileReference; lastKnownFileType = net.daringfireball.markdown; path = README.md; sourceTree = "<group>"; };
		5094AF0A23CC88AA001E8569 /* LENSudokuNumberView.h */ = {isa = PBXFileReference; lastKnownFileType = sourcecode.c.h; path = LENSudokuNumberView.h; sourceTree = "<group>"; };
		5094AF0B23CC88AA001E8569 /* LENSudokuNumberView.m */ = {isa = PBXFileReference; lastKnownFileType = sourcecode.c.objc; path = LENSudokuNumberView.m; sourceTree = "<group>"; };
		5094AF0D23CC8BD1001E8569 /* LENSudokuNumberSingleView.h */ = {isa = PBXFileReference; lastKnownFileType = sourcecode.c.h; path = LENSudokuNumberSingleView.h; sourceTree = "<group>"; };
		5094AF0E23CC8BD1001E8569 /* LENSudokuNumberSingleView.m */ = {isa = PBXFileReference; lastKnownFileType = sourcecode.c.objc; path = LENSudokuNumberSingleView.m; sourceTree = "<group>"; };
		54D55EC74F5E10785D4DAD47 /* Pods-Sudoku.debug.xcconfig */ = {isa = PBXFileReference; includeInIndex = 1; lastKnownFileType = text.xcconfig; name = "Pods-Sudoku.debug.xcconfig"; path = "Pods/Target Support Files/Pods-Sudoku/Pods-Sudoku.debug.xcconfig"; sourceTree = "<group>"; };
		58B0A736D4304DA4A575D681 /* libPods-Sudoku.a */ = {isa = PBXFileReference; explicitFileType = archive.ar; includeInIndex = 0; path = "libPods-Sudoku.a"; sourceTree = BUILT_PRODUCTS_DIR; };
		D3EA341123C30A6F00FD9D7B /* Sudoku.app */ = {isa = PBXFileReference; explicitFileType = wrapper.application; includeInIndex = 0; path = Sudoku.app; sourceTree = BUILT_PRODUCTS_DIR; };
		D3EA341423C30A6F00FD9D7B /* AppDelegate.h */ = {isa = PBXFileReference; lastKnownFileType = sourcecode.c.h; path = AppDelegate.h; sourceTree = "<group>"; };
		D3EA341523C30A6F00FD9D7B /* AppDelegate.m */ = {isa = PBXFileReference; lastKnownFileType = sourcecode.c.objc; path = AppDelegate.m; sourceTree = "<group>"; };
		D3EA341A23C30A6F00FD9D7B /* ViewController.h */ = {isa = PBXFileReference; lastKnownFileType = sourcecode.c.h; path = ViewController.h; sourceTree = "<group>"; };
		D3EA341B23C30A6F00FD9D7B /* ViewController.m */ = {isa = PBXFileReference; lastKnownFileType = sourcecode.c.objc; path = ViewController.m; sourceTree = "<group>"; };
		D3EA341E23C30A6F00FD9D7B /* Base */ = {isa = PBXFileReference; lastKnownFileType = file.storyboard; name = Base; path = Base.lproj/Main.storyboard; sourceTree = "<group>"; };
		D3EA342023C30A6F00FD9D7B /* Assets.xcassets */ = {isa = PBXFileReference; lastKnownFileType = folder.assetcatalog; path = Assets.xcassets; sourceTree = "<group>"; };
		D3EA342323C30A6F00FD9D7B /* Base */ = {isa = PBXFileReference; lastKnownFileType = file.storyboard; name = Base; path = Base.lproj/LaunchScreen.storyboard; sourceTree = "<group>"; };
		D3EA342523C30A6F00FD9D7B /* Info.plist */ = {isa = PBXFileReference; lastKnownFileType = text.plist.xml; path = Info.plist; sourceTree = "<group>"; };
		D3EA342623C30A6F00FD9D7B /* main.m */ = {isa = PBXFileReference; lastKnownFileType = sourcecode.c.objc; path = main.m; sourceTree = "<group>"; };
		D3EA342C23C30A6F00FD9D7B /* SudokuTests.xctest */ = {isa = PBXFileReference; explicitFileType = wrapper.cfbundle; includeInIndex = 0; path = SudokuTests.xctest; sourceTree = BUILT_PRODUCTS_DIR; };
		D3EA343023C30A6F00FD9D7B /* SudokuTests.m */ = {isa = PBXFileReference; lastKnownFileType = sourcecode.c.objc; path = SudokuTests.m; sourceTree = "<group>"; };
		D3EA343223C30A6F00FD9D7B /* Info.plist */ = {isa = PBXFileReference; lastKnownFileType = text.plist.xml; path = Info.plist; sourceTree = "<group>"; };
		D3EA343723C30A7000FD9D7B /* SudokuUITests.xctest */ = {isa = PBXFileReference; explicitFileType = wrapper.cfbundle; includeInIndex = 0; path = SudokuUITests.xctest; sourceTree = BUILT_PRODUCTS_DIR; };
		D3EA343B23C30A7000FD9D7B /* SudokuUITests.m */ = {isa = PBXFileReference; lastKnownFileType = sourcecode.c.objc; path = SudokuUITests.m; sourceTree = "<group>"; };
		D3EA343D23C30A7000FD9D7B /* Info.plist */ = {isa = PBXFileReference; lastKnownFileType = text.plist.xml; path = Info.plist; sourceTree = "<group>"; };
		D3EA344923C30A8000FD9D7B /* PrefixHeader.pch */ = {isa = PBXFileReference; fileEncoding = 4; lastKnownFileType = sourcecode.c.h; name = PrefixHeader.pch; path = Sudoku/Common/PrefixHeader.pch; sourceTree = SOURCE_ROOT; };
		D3EA344C23C30B2400FD9D7B /* LENBaseViewController.h */ = {isa = PBXFileReference; lastKnownFileType = sourcecode.c.h; path = LENBaseViewController.h; sourceTree = "<group>"; };
		D3EA344D23C30B2400FD9D7B /* LENBaseViewController.m */ = {isa = PBXFileReference; lastKnownFileType = sourcecode.c.objc; path = LENBaseViewController.m; sourceTree = "<group>"; };
		D3EA344E23C30B2400FD9D7B /* LENBaseViewController.xib */ = {isa = PBXFileReference; lastKnownFileType = file.xib; path = LENBaseViewController.xib; sourceTree = "<group>"; };
		D3EA345223C30B4300FD9D7B /* LENMainViewController.h */ = {isa = PBXFileReference; lastKnownFileType = sourcecode.c.h; path = LENMainViewController.h; sourceTree = "<group>"; };
		D3EA345323C30B4300FD9D7B /* LENMainViewController.m */ = {isa = PBXFileReference; lastKnownFileType = sourcecode.c.objc; path = LENMainViewController.m; sourceTree = "<group>"; };
		D3EA345423C30B4300FD9D7B /* LENMainViewController.xib */ = {isa = PBXFileReference; lastKnownFileType = file.xib; path = LENMainViewController.xib; sourceTree = "<group>"; };
		D3EA345823C30B7800FD9D7B /* LENHandle.h */ = {isa = PBXFileReference; lastKnownFileType = sourcecode.c.h; path = LENHandle.h; sourceTree = "<group>"; };
		D3EA345923C30B7800FD9D7B /* LENHandle.m */ = {isa = PBXFileReference; lastKnownFileType = sourcecode.c.objc; path = LENHandle.m; sourceTree = "<group>"; };
		D3EA345B23C30BE300FD9D7B /* LENCommonHeader.h */ = {isa = PBXFileReference; lastKnownFileType = sourcecode.c.h; path = LENCommonHeader.h; sourceTree = "<group>"; };
		D3EA345D23C3108800FD9D7B /* LENSudokuViewController.h */ = {isa = PBXFileReference; lastKnownFileType = sourcecode.c.h; path = LENSudokuViewController.h; sourceTree = "<group>"; };
		D3EA345E23C3108800FD9D7B /* LENSudokuViewController.m */ = {isa = PBXFileReference; lastKnownFileType = sourcecode.c.objc; path = LENSudokuViewController.m; sourceTree = "<group>"; };
		D3EA345F23C3108800FD9D7B /* LENSudokuViewController.xib */ = {isa = PBXFileReference; lastKnownFileType = file.xib; path = LENSudokuViewController.xib; sourceTree = "<group>"; };
		D3EA346223C310BD00FD9D7B /* LENSudokuModel.h */ = {isa = PBXFileReference; lastKnownFileType = sourcecode.c.h; path = LENSudokuModel.h; sourceTree = "<group>"; };
		D3EA346323C310BD00FD9D7B /* LENSudokuModel.m */ = {isa = PBXFileReference; lastKnownFileType = sourcecode.c.objc; path = LENSudokuModel.m; sourceTree = "<group>"; };
		D3EA346623C3139700FD9D7B /* LENSudokuView.h */ = {isa = PBXFileReference; lastKnownFileType = sourcecode.c.h; path = LENSudokuView.h; sourceTree = "<group>"; };
		D3EA346723C3139700FD9D7B /* LENSudokuView.m */ = {isa = PBXFileReference; lastKnownFileType = sourcecode.c.objc; path = LENSudokuView.m; sourceTree = "<group>"; };
		D3EA346923C314C200FD9D7B /* LENSudokuSingleModel.h */ = {isa = PBXFileReference; lastKnownFileType = sourcecode.c.h; path = LENSudokuSingleModel.h; sourceTree = "<group>"; };
		D3EA346A23C314C200FD9D7B /* LENSudokuSingleModel.m */ = {isa = PBXFileReference; lastKnownFileType = sourcecode.c.objc; path = LENSudokuSingleModel.m; sourceTree = "<group>"; };
		D3EA346C23C3154400FD9D7B /* LENEnumHeader.h */ = {isa = PBXFileReference; lastKnownFileType = sourcecode.c.h; path = LENEnumHeader.h; sourceTree = "<group>"; };
		D3EA346D23C31ECF00FD9D7B /* LENSudokuSingleView.h */ = {isa = PBXFileReference; lastKnownFileType = sourcecode.c.h; path = LENSudokuSingleView.h; sourceTree = "<group>"; };
		D3EA346E23C31ECF00FD9D7B /* LENSudokuSingleView.m */ = {isa = PBXFileReference; lastKnownFileType = sourcecode.c.objc; path = LENSudokuSingleView.m; sourceTree = "<group>"; };
/* End PBXFileReference section */

/* Begin PBXFrameworksBuildPhase section */
		D3EA340E23C30A6F00FD9D7B /* Frameworks */ = {
			isa = PBXFrameworksBuildPhase;
			buildActionMask = 2147483647;
			files = (
				AB01EBD31D4FD5983444BB37 /* libPods-Sudoku.a in Frameworks */,
			);
			runOnlyForDeploymentPostprocessing = 0;
		};
		D3EA342923C30A6F00FD9D7B /* Frameworks */ = {
			isa = PBXFrameworksBuildPhase;
			buildActionMask = 2147483647;
			files = (
			);
			runOnlyForDeploymentPostprocessing = 0;
		};
		D3EA343423C30A7000FD9D7B /* Frameworks */ = {
			isa = PBXFrameworksBuildPhase;
			buildActionMask = 2147483647;
			files = (
			);
			runOnlyForDeploymentPostprocessing = 0;
		};
/* End PBXFrameworksBuildPhase section */

/* Begin PBXGroup section */
		28C95A9E7AEF93D5970283C1 /* Pods */ = {
			isa = PBXGroup;
			children = (
				54D55EC74F5E10785D4DAD47 /* Pods-Sudoku.debug.xcconfig */,
				3C57E7F0187B3D1095A87E0D /* Pods-Sudoku.release.xcconfig */,
			);
			name = Pods;
			sourceTree = "<group>";
		};
		43BF7FFF18896F55EAD445BD /* Frameworks */ = {
			isa = PBXGroup;
			children = (
				5037CDAD23D8C5A900F42848 /* iAd.framework */,
				58B0A736D4304DA4A575D681 /* libPods-Sudoku.a */,
			);
			name = Frameworks;
			sourceTree = "<group>";
		};
		D3EA340823C30A6F00FD9D7B = {
			isa = PBXGroup;
			children = (
				D3EA341323C30A6F00FD9D7B /* Sudoku */,
				D3EA342F23C30A6F00FD9D7B /* SudokuTests */,
				D3EA343A23C30A7000FD9D7B /* SudokuUITests */,
				D3EA341223C30A6F00FD9D7B /* Products */,
				28C95A9E7AEF93D5970283C1 /* Pods */,
				43BF7FFF18896F55EAD445BD /* Frameworks */,
			);
			sourceTree = "<group>";
		};
		D3EA341223C30A6F00FD9D7B /* Products */ = {
			isa = PBXGroup;
			children = (
				D3EA341123C30A6F00FD9D7B /* Sudoku.app */,
				D3EA342C23C30A6F00FD9D7B /* SudokuTests.xctest */,
				D3EA343723C30A7000FD9D7B /* SudokuUITests.xctest */,
			);
			name = Products;
			sourceTree = "<group>";
		};
		D3EA341323C30A6F00FD9D7B /* Sudoku */ = {
			isa = PBXGroup;
			children = (
				D3EA345723C30B6900FD9D7B /* Util */,
				D3EA344B23C30B0E00FD9D7B /* Common */,
				D3EA344A23C30AD700FD9D7B /* Classes */,
				D3EA341423C30A6F00FD9D7B /* AppDelegate.h */,
				D3EA341523C30A6F00FD9D7B /* AppDelegate.m */,
				D3EA341A23C30A6F00FD9D7B /* ViewController.h */,
				D3EA341B23C30A6F00FD9D7B /* ViewController.m */,
				D3EA341D23C30A6F00FD9D7B /* Main.storyboard */,
				D3EA342023C30A6F00FD9D7B /* Assets.xcassets */,
				D3EA342223C30A6F00FD9D7B /* LaunchScreen.storyboard */,
				D3EA342523C30A6F00FD9D7B /* Info.plist */,
				D3EA342623C30A6F00FD9D7B /* main.m */,
				5094AF0923CC5F78001E8569 /* README.md */,
			);
			path = Sudoku;
			sourceTree = "<group>";
		};
		D3EA342F23C30A6F00FD9D7B /* SudokuTests */ = {
			isa = PBXGroup;
			children = (
				D3EA343023C30A6F00FD9D7B /* SudokuTests.m */,
				D3EA343223C30A6F00FD9D7B /* Info.plist */,
			);
			path = SudokuTests;
			sourceTree = "<group>";
		};
		D3EA343A23C30A7000FD9D7B /* SudokuUITests */ = {
			isa = PBXGroup;
			children = (
				D3EA343B23C30A7000FD9D7B /* SudokuUITests.m */,
				D3EA343D23C30A7000FD9D7B /* Info.plist */,
			);
			path = SudokuUITests;
			sourceTree = "<group>";
		};
		D3EA344A23C30AD700FD9D7B /* Classes */ = {
			isa = PBXGroup;
			children = (
				D3EA345123C30B3200FD9D7B /* Main */,
			);
			path = Classes;
			sourceTree = "<group>";
		};
		D3EA344B23C30B0E00FD9D7B /* Common */ = {
			isa = PBXGroup;
			children = (
				D3EA344923C30A8000FD9D7B /* PrefixHeader.pch */,
				D3EA345B23C30BE300FD9D7B /* LENCommonHeader.h */,
				D3EA346C23C3154400FD9D7B /* LENEnumHeader.h */,
				D3EA346223C310BD00FD9D7B /* LENSudokuModel.h */,
				D3EA346323C310BD00FD9D7B /* LENSudokuModel.m */,
				D3EA346923C314C200FD9D7B /* LENSudokuSingleModel.h */,
				D3EA346A23C314C200FD9D7B /* LENSudokuSingleModel.m */,
				50766E2923D2DE2D00DACDA6 /* LENSudokuStyleModel.h */,
				50766E2A23D2DE2D00DACDA6 /* LENSudokuStyleModel.m */,
				50766E2F23D34CE500DACDA6 /* LENDefaultConfigModel.h */,
				50766E3023D34CE500DACDA6 /* LENDefaultConfigModel.m */,
				D3EA345C23C30BF300FD9D7B /* Base */,
			);
			path = Common;
			sourceTree = "<group>";
		};
		D3EA345123C30B3200FD9D7B /* Main */ = {
			isa = PBXGroup;
			children = (
				D3EA346523C3137D00FD9D7B /* view */,
				D3EA345223C30B4300FD9D7B /* LENMainViewController.h */,
				D3EA345323C30B4300FD9D7B /* LENMainViewController.m */,
				D3EA345423C30B4300FD9D7B /* LENMainViewController.xib */,
				D3EA345D23C3108800FD9D7B /* LENSudokuViewController.h */,
				D3EA345E23C3108800FD9D7B /* LENSudokuViewController.m */,
				D3EA345F23C3108800FD9D7B /* LENSudokuViewController.xib */,
				50733EB023D72E8C00A550CB /* LENSettingViewController.h */,
				50733EB123D72E8C00A550CB /* LENSettingViewController.m */,
				50733EB223D72E8C00A550CB /* LENSettingViewController.xib */,
				50733EB823D744F600A550CB /* LENRecordsViewController.h */,
				50733EB923D744F600A550CB /* LENRecordsViewController.m */,
				50733EBA23D744F600A550CB /* LENRecordsViewController.xib */,
				5037CD9B23D8677B00F42848 /* LENRecordsDetailViewController.h */,
				5037CD9C23D8677B00F42848 /* LENRecordsDetailViewController.m */,
				5037CD9D23D8677B00F42848 /* LENRecordsDetailViewController.xib */,
				5037CDA823D8AB3800F42848 /* LENSudokuFinishViewController.h */,
				5037CDA923D8AB3800F42848 /* LENSudokuFinishViewController.m */,
				5037CDAA23D8AB3800F42848 /* LENSudokuFinishViewController.xib */,
			);
			path = Main;
			sourceTree = "<group>";
		};
		D3EA345723C30B6900FD9D7B /* Util */ = {
			isa = PBXGroup;
			children = (
				D3EA345823C30B7800FD9D7B /* LENHandle.h */,
				D3EA345923C30B7800FD9D7B /* LENHandle.m */,
				50766E2C23D2E15D00DACDA6 /* LENStyleHandle.h */,
				50766E2D23D2E15D00DACDA6 /* LENStyleHandle.m */,
			);
			path = Util;
			sourceTree = "<group>";
		};
		D3EA345C23C30BF300FD9D7B /* Base */ = {
			isa = PBXGroup;
			children = (
				D3EA344C23C30B2400FD9D7B /* LENBaseViewController.h */,
				D3EA344D23C30B2400FD9D7B /* LENBaseViewController.m */,
				D3EA344E23C30B2400FD9D7B /* LENBaseViewController.xib */,
				5037CDA023D890C500F42848 /* LENBaseTableViewCell.h */,
				5037CDA123D890C500F42848 /* LENBaseTableViewCell.m */,
			);
			path = Base;
			sourceTree = "<group>";
		};
		D3EA346523C3137D00FD9D7B /* view */ = {
			isa = PBXGroup;
			children = (
				D3EA346623C3139700FD9D7B /* LENSudokuView.h */,
				D3EA346723C3139700FD9D7B /* LENSudokuView.m */,
				D3EA346D23C31ECF00FD9D7B /* LENSudokuSingleView.h */,
				D3EA346E23C31ECF00FD9D7B /* LENSudokuSingleView.m */,
				50766E3223D4555700DACDA6 /* LENSudokuSupposeView.h */,
				50766E3323D4555700DACDA6 /* LENSudokuSupposeView.m */,
				50766E3523D45A6900DACDA6 /* LENSudokuSupposeSingleView.h */,
				50766E3623D45A6900DACDA6 /* LENSudokuSupposeSingleView.m */,
				5094AF0A23CC88AA001E8569 /* LENSudokuNumberView.h */,
				5094AF0B23CC88AA001E8569 /* LENSudokuNumberView.m */,
				5094AF0D23CC8BD1001E8569 /* LENSudokuNumberSingleView.h */,
				5094AF0E23CC8BD1001E8569 /* LENSudokuNumberSingleView.m */,
				5037CDA323D8910F00F42848 /* LENRecordsDetailTableViewCell.h */,
				5037CDA423D8910F00F42848 /* LENRecordsDetailTableViewCell.m */,
				5037CDA523D8910F00F42848 /* LENRecordsDetailTableViewCell.xib */,
			);
			path = view;
			sourceTree = "<group>";
		};
/* End PBXGroup section */

/* Begin PBXNativeTarget section */
		D3EA341023C30A6F00FD9D7B /* Sudoku */ = {
			isa = PBXNativeTarget;
			buildConfigurationList = D3EA344023C30A7000FD9D7B /* Build configuration list for PBXNativeTarget "Sudoku" */;
			buildPhases = (
				6BA0F235B10B04EF94632039 /* [CP] Check Pods Manifest.lock */,
				D3EA340D23C30A6F00FD9D7B /* Sources */,
				D3EA340E23C30A6F00FD9D7B /* Frameworks */,
				D3EA340F23C30A6F00FD9D7B /* Resources */,
				C66017D1FACE41D8E2AA0F6D /* [CP] Copy Pods Resources */,
			);
			buildRules = (
			);
			dependencies = (
			);
			name = Sudoku;
			productName = Sudoku;
			productReference = D3EA341123C30A6F00FD9D7B /* Sudoku.app */;
			productType = "com.apple.product-type.application";
		};
		D3EA342B23C30A6F00FD9D7B /* SudokuTests */ = {
			isa = PBXNativeTarget;
			buildConfigurationList = D3EA344323C30A7000FD9D7B /* Build configuration list for PBXNativeTarget "SudokuTests" */;
			buildPhases = (
				D3EA342823C30A6F00FD9D7B /* Sources */,
				D3EA342923C30A6F00FD9D7B /* Frameworks */,
				D3EA342A23C30A6F00FD9D7B /* Resources */,
			);
			buildRules = (
			);
			dependencies = (
				D3EA342E23C30A6F00FD9D7B /* PBXTargetDependency */,
			);
			name = SudokuTests;
			productName = SudokuTests;
			productReference = D3EA342C23C30A6F00FD9D7B /* SudokuTests.xctest */;
			productType = "com.apple.product-type.bundle.unit-test";
		};
		D3EA343623C30A7000FD9D7B /* SudokuUITests */ = {
			isa = PBXNativeTarget;
			buildConfigurationList = D3EA344623C30A7000FD9D7B /* Build configuration list for PBXNativeTarget "SudokuUITests" */;
			buildPhases = (
				D3EA343323C30A7000FD9D7B /* Sources */,
				D3EA343423C30A7000FD9D7B /* Frameworks */,
				D3EA343523C30A7000FD9D7B /* Resources */,
			);
			buildRules = (
			);
			dependencies = (
				D3EA343923C30A7000FD9D7B /* PBXTargetDependency */,
			);
			name = SudokuUITests;
			productName = SudokuUITests;
			productReference = D3EA343723C30A7000FD9D7B /* SudokuUITests.xctest */;
			productType = "com.apple.product-type.bundle.ui-testing";
		};
/* End PBXNativeTarget section */

/* Begin PBXProject section */
		D3EA340923C30A6F00FD9D7B /* Project object */ = {
			isa = PBXProject;
			attributes = {
				CLASSPREFIX = LEN;
				LastUpgradeCheck = 1120;
				ORGANIZATIONNAME = ledon;
				TargetAttributes = {
					D3EA341023C30A6F00FD9D7B = {
						CreatedOnToolsVersion = 11.2.1;
					};
					D3EA342B23C30A6F00FD9D7B = {
						CreatedOnToolsVersion = 11.2.1;
						TestTargetID = D3EA341023C30A6F00FD9D7B;
					};
					D3EA343623C30A7000FD9D7B = {
						CreatedOnToolsVersion = 11.2.1;
						TestTargetID = D3EA341023C30A6F00FD9D7B;
					};
				};
			};
			buildConfigurationList = D3EA340C23C30A6F00FD9D7B /* Build configuration list for PBXProject "Sudoku" */;
			compatibilityVersion = "Xcode 9.3";
			developmentRegion = en;
			hasScannedForEncodings = 0;
			knownRegions = (
				en,
				Base,
			);
			mainGroup = D3EA340823C30A6F00FD9D7B;
			productRefGroup = D3EA341223C30A6F00FD9D7B /* Products */;
			projectDirPath = "";
			projectRoot = "";
			targets = (
				D3EA341023C30A6F00FD9D7B /* Sudoku */,
				D3EA342B23C30A6F00FD9D7B /* SudokuTests */,
				D3EA343623C30A7000FD9D7B /* SudokuUITests */,
			);
		};
/* End PBXProject section */

/* Begin PBXResourcesBuildPhase section */
		D3EA340F23C30A6F00FD9D7B /* Resources */ = {
			isa = PBXResourcesBuildPhase;
			buildActionMask = 2147483647;
			files = (
				50733EB423D72E8C00A550CB /* LENSettingViewController.xib in Resources */,
				5037CD9F23D8677B00F42848 /* LENRecordsDetailViewController.xib in Resources */,
				D3EA342423C30A6F00FD9D7B /* LaunchScreen.storyboard in Resources */,
				D3EA342123C30A6F00FD9D7B /* Assets.xcassets in Resources */,
				5037CDAC23D8AB3800F42848 /* LENSudokuFinishViewController.xib in Resources */,
				D3EA341F23C30A6F00FD9D7B /* Main.storyboard in Resources */,
				D3EA345623C30B4300FD9D7B /* LENMainViewController.xib in Resources */,
				50733EBC23D744F600A550CB /* LENRecordsViewController.xib in Resources */,
				5037CDA723D8910F00F42848 /* LENRecordsDetailTableViewCell.xib in Resources */,
				D3EA345023C30B2400FD9D7B /* LENBaseViewController.xib in Resources */,
				D3EA346123C3108800FD9D7B /* LENSudokuViewController.xib in Resources */,
			);
			runOnlyForDeploymentPostprocessing = 0;
		};
		D3EA342A23C30A6F00FD9D7B /* Resources */ = {
			isa = PBXResourcesBuildPhase;
			buildActionMask = 2147483647;
			files = (
			);
			runOnlyForDeploymentPostprocessing = 0;
		};
		D3EA343523C30A7000FD9D7B /* Resources */ = {
			isa = PBXResourcesBuildPhase;
			buildActionMask = 2147483647;
			files = (
			);
			runOnlyForDeploymentPostprocessing = 0;
		};
/* End PBXResourcesBuildPhase section */

/* Begin PBXShellScriptBuildPhase section */
		6BA0F235B10B04EF94632039 /* [CP] Check Pods Manifest.lock */ = {
			isa = PBXShellScriptBuildPhase;
			buildActionMask = 2147483647;
			files = (
			);
			inputFileListPaths = (
			);
			inputPaths = (
				"${PODS_PODFILE_DIR_PATH}/Podfile.lock",
				"${PODS_ROOT}/Manifest.lock",
			);
			name = "[CP] Check Pods Manifest.lock";
			outputFileListPaths = (
			);
			outputPaths = (
				"$(DERIVED_FILE_DIR)/Pods-Sudoku-checkManifestLockResult.txt",
			);
			runOnlyForDeploymentPostprocessing = 0;
			shellPath = /bin/sh;
			shellScript = "diff \"${PODS_PODFILE_DIR_PATH}/Podfile.lock\" \"${PODS_ROOT}/Manifest.lock\" > /dev/null\nif [ $? != 0 ] ; then\n    # print error to STDERR\n    echo \"error: The sandbox is not in sync with the Podfile.lock. Run 'pod install' or update your CocoaPods installation.\" >&2\n    exit 1\nfi\n# This output is used by Xcode 'outputs' to avoid re-running this script phase.\necho \"SUCCESS\" > \"${SCRIPT_OUTPUT_FILE_0}\"\n";
			showEnvVarsInLog = 0;
		};
		C66017D1FACE41D8E2AA0F6D /* [CP] Copy Pods Resources */ = {
			isa = PBXShellScriptBuildPhase;
			buildActionMask = 2147483647;
			files = (
			);
			inputFileListPaths = (
			);
			inputPaths = (
				"${SRCROOT}/Pods/Target Support Files/Pods-Sudoku/Pods-Sudoku-resources.sh",
				"${PODS_CONFIGURATION_BUILD_DIR}/IQKeyboardManager/IQKeyboardManager.bundle",
				"${PODS_ROOT}/MJRefresh/MJRefresh/MJRefresh.bundle",
			);
			name = "[CP] Copy Pods Resources";
			outputFileListPaths = (
			);
			outputPaths = (
				"${TARGET_BUILD_DIR}/${UNLOCALIZED_RESOURCES_FOLDER_PATH}/IQKeyboardManager.bundle",
				"${TARGET_BUILD_DIR}/${UNLOCALIZED_RESOURCES_FOLDER_PATH}/MJRefresh.bundle",
			);
			runOnlyForDeploymentPostprocessing = 0;
			shellPath = /bin/sh;
			shellScript = "\"${SRCROOT}/Pods/Target Support Files/Pods-Sudoku/Pods-Sudoku-resources.sh\"\n";
			showEnvVarsInLog = 0;
		};
/* End PBXShellScriptBuildPhase section */

/* Begin PBXSourcesBuildPhase section */
		D3EA340D23C30A6F00FD9D7B /* Sources */ = {
			isa = PBXSourcesBuildPhase;
			buildActionMask = 2147483647;
			files = (
				5037CD9E23D8677B00F42848 /* LENRecordsDetailViewController.m in Sources */,
				D3EA346B23C314C200FD9D7B /* LENSudokuSingleModel.m in Sources */,
				D3EA341C23C30A6F00FD9D7B /* ViewController.m in Sources */,
				50766E2B23D2DE2D00DACDA6 /* LENSudokuStyleModel.m in Sources */,
				5094AF0F23CC8BD1001E8569 /* LENSudokuNumberSingleView.m in Sources */,
				D3EA345A23C30B7800FD9D7B /* LENHandle.m in Sources */,
				50766E3723D45A6900DACDA6 /* LENSudokuSupposeSingleView.m in Sources */,
				D3EA346023C3108800FD9D7B /* LENSudokuViewController.m in Sources */,
				D3EA346823C3139700FD9D7B /* LENSudokuView.m in Sources */,
				5037CDA623D8910F00F42848 /* LENRecordsDetailTableViewCell.m in Sources */,
				50766E2E23D2E15D00DACDA6 /* LENStyleHandle.m in Sources */,
				50733EBB23D744F600A550CB /* LENRecordsViewController.m in Sources */,
				D3EA341623C30A6F00FD9D7B /* AppDelegate.m in Sources */,
				50766E3423D4555700DACDA6 /* LENSudokuSupposeView.m in Sources */,
				50733EB323D72E8C00A550CB /* LENSettingViewController.m in Sources */,
				5037CDA223D890C500F42848 /* LENBaseTableViewCell.m in Sources */,
				D3EA345523C30B4300FD9D7B /* LENMainViewController.m in Sources */,
				D3EA342723C30A6F00FD9D7B /* main.m in Sources */,
				D3EA346423C310BD00FD9D7B /* LENSudokuModel.m in Sources */,
				D3EA346F23C31ECF00FD9D7B /* LENSudokuSingleView.m in Sources */,
				5037CDAB23D8AB3800F42848 /* LENSudokuFinishViewController.m in Sources */,
				50766E3123D34CE500DACDA6 /* LENDefaultConfigModel.m in Sources */,
				5094AF0C23CC88AA001E8569 /* LENSudokuNumberView.m in Sources */,
				D3EA344F23C30B2400FD9D7B /* LENBaseViewController.m in Sources */,
			);
			runOnlyForDeploymentPostprocessing = 0;
		};
		D3EA342823C30A6F00FD9D7B /* Sources */ = {
			isa = PBXSourcesBuildPhase;
			buildActionMask = 2147483647;
			files = (
				D3EA343123C30A6F00FD9D7B /* SudokuTests.m in Sources */,
			);
			runOnlyForDeploymentPostprocessing = 0;
		};
		D3EA343323C30A7000FD9D7B /* Sources */ = {
			isa = PBXSourcesBuildPhase;
			buildActionMask = 2147483647;
			files = (
				D3EA343C23C30A7000FD9D7B /* SudokuUITests.m in Sources */,
			);
			runOnlyForDeploymentPostprocessing = 0;
		};
/* End PBXSourcesBuildPhase section */

/* Begin PBXTargetDependency section */
		D3EA342E23C30A6F00FD9D7B /* PBXTargetDependency */ = {
			isa = PBXTargetDependency;
			target = D3EA341023C30A6F00FD9D7B /* Sudoku */;
			targetProxy = D3EA342D23C30A6F00FD9D7B /* PBXContainerItemProxy */;
		};
		D3EA343923C30A7000FD9D7B /* PBXTargetDependency */ = {
			isa = PBXTargetDependency;
			target = D3EA341023C30A6F00FD9D7B /* Sudoku */;
			targetProxy = D3EA343823C30A7000FD9D7B /* PBXContainerItemProxy */;
		};
/* End PBXTargetDependency section */

/* Begin PBXVariantGroup section */
		D3EA341D23C30A6F00FD9D7B /* Main.storyboard */ = {
			isa = PBXVariantGroup;
			children = (
				D3EA341E23C30A6F00FD9D7B /* Base */,
			);
			name = Main.storyboard;
			sourceTree = "<group>";
		};
		D3EA342223C30A6F00FD9D7B /* LaunchScreen.storyboard */ = {
			isa = PBXVariantGroup;
			children = (
				D3EA342323C30A6F00FD9D7B /* Base */,
			);
			name = LaunchScreen.storyboard;
			sourceTree = "<group>";
		};
/* End PBXVariantGroup section */

/* Begin XCBuildConfiguration section */
		D3EA343E23C30A7000FD9D7B /* Debug */ = {
			isa = XCBuildConfiguration;
			buildSettings = {
				ALWAYS_SEARCH_USER_PATHS = NO;
				CLANG_ANALYZER_NONNULL = YES;
				CLANG_ANALYZER_NUMBER_OBJECT_CONVERSION = YES_AGGRESSIVE;
				CLANG_CXX_LANGUAGE_STANDARD = "gnu++14";
				CLANG_CXX_LIBRARY = "libc++";
				CLANG_ENABLE_MODULES = YES;
				CLANG_ENABLE_OBJC_ARC = YES;
				CLANG_ENABLE_OBJC_WEAK = YES;
				CLANG_WARN_BLOCK_CAPTURE_AUTORELEASING = YES;
				CLANG_WARN_BOOL_CONVERSION = YES;
				CLANG_WARN_COMMA = YES;
				CLANG_WARN_CONSTANT_CONVERSION = YES;
				CLANG_WARN_DEPRECATED_OBJC_IMPLEMENTATIONS = YES;
				CLANG_WARN_DIRECT_OBJC_ISA_USAGE = YES_ERROR;
				CLANG_WARN_DOCUMENTATION_COMMENTS = YES;
				CLANG_WARN_EMPTY_BODY = YES;
				CLANG_WARN_ENUM_CONVERSION = YES;
				CLANG_WARN_INFINITE_RECURSION = YES;
				CLANG_WARN_INT_CONVERSION = YES;
				CLANG_WARN_NON_LITERAL_NULL_CONVERSION = YES;
				CLANG_WARN_OBJC_IMPLICIT_RETAIN_SELF = YES;
				CLANG_WARN_OBJC_LITERAL_CONVERSION = YES;
				CLANG_WARN_OBJC_ROOT_CLASS = YES_ERROR;
				CLANG_WARN_RANGE_LOOP_ANALYSIS = YES;
				CLANG_WARN_STRICT_PROTOTYPES = YES;
				CLANG_WARN_SUSPICIOUS_MOVE = YES;
				CLANG_WARN_UNGUARDED_AVAILABILITY = YES_AGGRESSIVE;
				CLANG_WARN_UNREACHABLE_CODE = YES;
				CLANG_WARN__DUPLICATE_METHOD_MATCH = YES;
				COPY_PHASE_STRIP = NO;
				DEBUG_INFORMATION_FORMAT = dwarf;
				ENABLE_STRICT_OBJC_MSGSEND = YES;
				ENABLE_TESTABILITY = YES;
				GCC_C_LANGUAGE_STANDARD = gnu11;
				GCC_DYNAMIC_NO_PIC = NO;
				GCC_NO_COMMON_BLOCKS = YES;
				GCC_OPTIMIZATION_LEVEL = 0;
				GCC_PREPROCESSOR_DEFINITIONS = (
					"DEBUG=1",
					"$(inherited)",
				);
				GCC_WARN_64_TO_32_BIT_CONVERSION = YES;
				GCC_WARN_ABOUT_RETURN_TYPE = YES_ERROR;
				GCC_WARN_UNDECLARED_SELECTOR = YES;
				GCC_WARN_UNINITIALIZED_AUTOS = YES_AGGRESSIVE;
				GCC_WARN_UNUSED_FUNCTION = YES;
				GCC_WARN_UNUSED_VARIABLE = YES;
				IPHONEOS_DEPLOYMENT_TARGET = 13.2;
				MTL_ENABLE_DEBUG_INFO = INCLUDE_SOURCE;
				MTL_FAST_MATH = YES;
				ONLY_ACTIVE_ARCH = YES;
				SDKROOT = iphoneos;
			};
			name = Debug;
		};
		D3EA343F23C30A7000FD9D7B /* Release */ = {
			isa = XCBuildConfiguration;
			buildSettings = {
				ALWAYS_SEARCH_USER_PATHS = NO;
				CLANG_ANALYZER_NONNULL = YES;
				CLANG_ANALYZER_NUMBER_OBJECT_CONVERSION = YES_AGGRESSIVE;
				CLANG_CXX_LANGUAGE_STANDARD = "gnu++14";
				CLANG_CXX_LIBRARY = "libc++";
				CLANG_ENABLE_MODULES = YES;
				CLANG_ENABLE_OBJC_ARC = YES;
				CLANG_ENABLE_OBJC_WEAK = YES;
				CLANG_WARN_BLOCK_CAPTURE_AUTORELEASING = YES;
				CLANG_WARN_BOOL_CONVERSION = YES;
				CLANG_WARN_COMMA = YES;
				CLANG_WARN_CONSTANT_CONVERSION = YES;
				CLANG_WARN_DEPRECATED_OBJC_IMPLEMENTATIONS = YES;
				CLANG_WARN_DIRECT_OBJC_ISA_USAGE = YES_ERROR;
				CLANG_WARN_DOCUMENTATION_COMMENTS = YES;
				CLANG_WARN_EMPTY_BODY = YES;
				CLANG_WARN_ENUM_CONVERSION = YES;
				CLANG_WARN_INFINITE_RECURSION = YES;
				CLANG_WARN_INT_CONVERSION = YES;
				CLANG_WARN_NON_LITERAL_NULL_CONVERSION = YES;
				CLANG_WARN_OBJC_IMPLICIT_RETAIN_SELF = YES;
				CLANG_WARN_OBJC_LITERAL_CONVERSION = YES;
				CLANG_WARN_OBJC_ROOT_CLASS = YES_ERROR;
				CLANG_WARN_RANGE_LOOP_ANALYSIS = YES;
				CLANG_WARN_STRICT_PROTOTYPES = YES;
				CLANG_WARN_SUSPICIOUS_MOVE = YES;
				CLANG_WARN_UNGUARDED_AVAILABILITY = YES_AGGRESSIVE;
				CLANG_WARN_UNREACHABLE_CODE = YES;
				CLANG_WARN__DUPLICATE_METHOD_MATCH = YES;
				COPY_PHASE_STRIP = NO;
				DEBUG_INFORMATION_FORMAT = "dwarf-with-dsym";
				ENABLE_NS_ASSERTIONS = NO;
				ENABLE_STRICT_OBJC_MSGSEND = YES;
				GCC_C_LANGUAGE_STANDARD = gnu11;
				GCC_NO_COMMON_BLOCKS = YES;
				GCC_WARN_64_TO_32_BIT_CONVERSION = YES;
				GCC_WARN_ABOUT_RETURN_TYPE = YES_ERROR;
				GCC_WARN_UNDECLARED_SELECTOR = YES;
				GCC_WARN_UNINITIALIZED_AUTOS = YES_AGGRESSIVE;
				GCC_WARN_UNUSED_FUNCTION = YES;
				GCC_WARN_UNUSED_VARIABLE = YES;
				IPHONEOS_DEPLOYMENT_TARGET = 13.2;
				MTL_ENABLE_DEBUG_INFO = NO;
				MTL_FAST_MATH = YES;
				SDKROOT = iphoneos;
				VALIDATE_PRODUCT = YES;
			};
			name = Release;
		};
		D3EA344123C30A7000FD9D7B /* Debug */ = {
			isa = XCBuildConfiguration;
			baseConfigurationReference = 54D55EC74F5E10785D4DAD47 /* Pods-Sudoku.debug.xcconfig */;
			buildSettings = {
				ASSETCATALOG_COMPILER_APPICON_NAME = AppIcon;
				CODE_SIGN_IDENTITY = "Apple Development";
				CODE_SIGN_STYLE = Automatic;
				CURRENT_PROJECT_VERSION = 2;
				DEVELOPMENT_TEAM = FBPYVNBPCC;
				GCC_PREFIX_HEADER = /Users/ledon/Documents/programming/Sudoku_ios/Sudoku/Sudoku/Common/PrefixHeader.pch;
				INFOPLIST_FILE = Sudoku/Info.plist;
				IPHONEOS_DEPLOYMENT_TARGET = 9.0;
				LD_RUNPATH_SEARCH_PATHS = (
					"$(inherited)",
					"@executable_path/Frameworks",
				);
				PRODUCT_BUNDLE_IDENTIFIER = com.ledon.Sudoku;
				PRODUCT_NAME = "$(TARGET_NAME)";
				PROVISIONING_PROFILE_SPECIFIER = "";
				TARGETED_DEVICE_FAMILY = "1,2";
			};
			name = Debug;
		};
		D3EA344223C30A7000FD9D7B /* Release */ = {
			isa = XCBuildConfiguration;
			baseConfigurationReference = 3C57E7F0187B3D1095A87E0D /* Pods-Sudoku.release.xcconfig */;
			buildSettings = {
				ASSETCATALOG_COMPILER_APPICON_NAME = AppIcon;
				CODE_SIGN_IDENTITY = "Apple Development";
				CODE_SIGN_STYLE = Automatic;
				CURRENT_PROJECT_VERSION = 2;
				DEVELOPMENT_TEAM = FBPYVNBPCC;
				GCC_PREFIX_HEADER = /Users/ledon/Documents/programming/Sudoku_ios/Sudoku/Sudoku/Common/PrefixHeader.pch;
				INFOPLIST_FILE = Sudoku/Info.plist;
				IPHONEOS_DEPLOYMENT_TARGET = 9.0;
				LD_RUNPATH_SEARCH_PATHS = (
					"$(inherited)",
					"@executable_path/Frameworks",
				);
				PRODUCT_BUNDLE_IDENTIFIER = com.ledon.Sudoku;
				PRODUCT_NAME = "$(TARGET_NAME)";
				PROVISIONING_PROFILE_SPECIFIER = "";
				TARGETED_DEVICE_FAMILY = "1,2";
			};
			name = Release;
		};
		D3EA344423C30A7000FD9D7B /* Debug */ = {
			isa = XCBuildConfiguration;
			buildSettings = {
				BUNDLE_LOADER = "$(TEST_HOST)";
				CODE_SIGN_STYLE = Automatic;
				DEVELOPMENT_TEAM = FBPYVNBPCC;
				INFOPLIST_FILE = SudokuTests/Info.plist;
				IPHONEOS_DEPLOYMENT_TARGET = 13.2;
				LD_RUNPATH_SEARCH_PATHS = (
					"$(inherited)",
					"@executable_path/Frameworks",
					"@loader_path/Frameworks",
				);
				PRODUCT_BUNDLE_IDENTIFIER = com.ledon.SudokuTests;
				PRODUCT_NAME = "$(TARGET_NAME)";
				TARGETED_DEVICE_FAMILY = "1,2";
				TEST_HOST = "$(BUILT_PRODUCTS_DIR)/Sudoku.app/Sudoku";
			};
			name = Debug;
		};
		D3EA344523C30A7000FD9D7B /* Release */ = {
			isa = XCBuildConfiguration;
			buildSettings = {
				BUNDLE_LOADER = "$(TEST_HOST)";
				CODE_SIGN_STYLE = Automatic;
				DEVELOPMENT_TEAM = FBPYVNBPCC;
				INFOPLIST_FILE = SudokuTests/Info.plist;
				IPHONEOS_DEPLOYMENT_TARGET = 13.2;
				LD_RUNPATH_SEARCH_PATHS = (
					"$(inherited)",
					"@executable_path/Frameworks",
					"@loader_path/Frameworks",
				);
				PRODUCT_BUNDLE_IDENTIFIER = com.ledon.SudokuTests;
				PRODUCT_NAME = "$(TARGET_NAME)";
				TARGETED_DEVICE_FAMILY = "1,2";
				TEST_HOST = "$(BUILT_PRODUCTS_DIR)/Sudoku.app/Sudoku";
			};
			name = Release;
		};
		D3EA344723C30A7000FD9D7B /* Debug */ = {
			isa = XCBuildConfiguration;
			buildSettings = {
				CODE_SIGN_STYLE = Automatic;
				DEVELOPMENT_TEAM = FBPYVNBPCC;
				INFOPLIST_FILE = SudokuUITests/Info.plist;
				LD_RUNPATH_SEARCH_PATHS = (
					"$(inherited)",
					"@executable_path/Frameworks",
					"@loader_path/Frameworks",
				);
				PRODUCT_BUNDLE_IDENTIFIER = com.ledon.SudokuUITests;
				PRODUCT_NAME = "$(TARGET_NAME)";
				TARGETED_DEVICE_FAMILY = "1,2";
				TEST_TARGET_NAME = Sudoku;
			};
			name = Debug;
		};
		D3EA344823C30A7000FD9D7B /* Release */ = {
			isa = XCBuildConfiguration;
			buildSettings = {
				CODE_SIGN_STYLE = Automatic;
				DEVELOPMENT_TEAM = FBPYVNBPCC;
				INFOPLIST_FILE = SudokuUITests/Info.plist;
				LD_RUNPATH_SEARCH_PATHS = (
					"$(inherited)",
					"@executable_path/Frameworks",
					"@loader_path/Frameworks",
				);
				PRODUCT_BUNDLE_IDENTIFIER = com.ledon.SudokuUITests;
				PRODUCT_NAME = "$(TARGET_NAME)";
				TARGETED_DEVICE_FAMILY = "1,2";
				TEST_TARGET_NAME = Sudoku;
			};
			name = Release;
		};
/* End XCBuildConfiguration section */

/* Begin XCConfigurationList section */
		D3EA340C23C30A6F00FD9D7B /* Build configuration list for PBXProject "Sudoku" */ = {
			isa = XCConfigurationList;
			buildConfigurations = (
				D3EA343E23C30A7000FD9D7B /* Debug */,
				D3EA343F23C30A7000FD9D7B /* Release */,
			);
			defaultConfigurationIsVisible = 0;
			defaultConfigurationName = Release;
		};
		D3EA344023C30A7000FD9D7B /* Build configuration list for PBXNativeTarget "Sudoku" */ = {
			isa = XCConfigurationList;
			buildConfigurations = (
				D3EA344123C30A7000FD9D7B /* Debug */,
				D3EA344223C30A7000FD9D7B /* Release */,
			);
			defaultConfigurationIsVisible = 0;
			defaultConfigurationName = Release;
		};
		D3EA344323C30A7000FD9D7B /* Build configuration list for PBXNativeTarget "SudokuTests" */ = {
			isa = XCConfigurationList;
			buildConfigurations = (
				D3EA344423C30A7000FD9D7B /* Debug */,
				D3EA344523C30A7000FD9D7B /* Release */,
			);
			defaultConfigurationIsVisible = 0;
			defaultConfigurationName = Release;
		};
		D3EA344623C30A7000FD9D7B /* Build configuration list for PBXNativeTarget "SudokuUITests" */ = {
			isa = XCConfigurationList;
			buildConfigurations = (
				D3EA344723C30A7000FD9D7B /* Debug */,
				D3EA344823C30A7000FD9D7B /* Release */,
			);
			defaultConfigurationIsVisible = 0;
			defaultConfigurationName = Release;
		};
/* End XCConfigurationList section */
	};
	rootObject = D3EA340923C30A6F00FD9D7B /* Project object */;
}
